// !$*UTF8*$!
{
	archiveVersion = 1;
	classes = {
	};
	objectVersion = 46;
	objects = {

/* Begin PBXBuildFile section */
		419409A81A1488140015076E /* AppDelegate.swift in Sources */ = {isa = PBXBuildFile; fileRef = 419409A71A1488140015076E /* AppDelegate.swift */; };
		419409AA1A1488140015076E /* ViewController.swift in Sources */ = {isa = PBXBuildFile; fileRef = 419409A91A1488140015076E /* ViewController.swift */; };
		419409AD1A1488140015076E /* Main.storyboard in Resources */ = {isa = PBXBuildFile; fileRef = 419409AB1A1488140015076E /* Main.storyboard */; };
		419409AF1A1488140015076E /* Images.xcassets in Resources */ = {isa = PBXBuildFile; fileRef = 419409AE1A1488140015076E /* Images.xcassets */; };
		419409B21A1488140015076E /* LaunchScreen.xib in Resources */ = {isa = PBXBuildFile; fileRef = 419409B01A1488140015076E /* LaunchScreen.xib */; };
		419409BE1A1488150015076E /* SwiftContainerViewExampleTests.swift in Sources */ = {isa = PBXBuildFile; fileRef = 419409BD1A1488150015076E /* SwiftContainerViewExampleTests.swift */; };
		419409CA1A1492530015076E /* TopViewController.swift in Sources */ = {isa = PBXBuildFile; fileRef = 419409C91A1492530015076E /* TopViewController.swift */; };
/* End PBXBuildFile section */

/* Begin PBXContainerItemProxy section */
		419409B81A1488140015076E /* PBXContainerItemProxy */ = {
			isa = PBXContainerItemProxy;
			containerPortal = 4194099A1A1488140015076E /* Project object */;
			proxyType = 1;
			remoteGlobalIDString = 419409A11A1488140015076E;
			remoteInfo = SwiftContainerViewExample;
		};
/* End PBXContainerItemProxy section */

/* Begin PBXFileReference section */
		419409A21A1488140015076E /* SwiftContainerViewExample.app */ = {isa = PBXFileReference; explicitFileType = wrapper.application; includeInIndex = 0; path = SwiftContainerViewExample.app; sourceTree = BUILT_PRODUCTS_DIR; };
		419409A61A1488140015076E /* Info.plist */ = {isa = PBXFileReference; lastKnownFileType = text.plist.xml; path = Info.plist; sourceTree = "<group>"; };
		419409A71A1488140015076E /* AppDelegate.swift */ = {isa = PBXFileReference; lastKnownFileType = sourcecode.swift; path = AppDelegate.swift; sourceTree = "<group>"; };
		419409A91A1488140015076E /* ViewController.swift */ = {isa = PBXFileReference; lastKnownFileType = sourcecode.swift; path = ViewController.swift; sourceTree = "<group>"; };
		419409AC1A1488140015076E /* Base */ = {isa = PBXFileReference; lastKnownFileType = file.storyboard; name = Base; path = Base.lproj/Main.storyboard; sourceTree = "<group>"; };
		419409AE1A1488140015076E /* Images.xcassets */ = {isa = PBXFileReference; lastKnownFileType = folder.assetcatalog; path = Images.xcassets; sourceTree = "<group>"; };
		419409B11A1488140015076E /* Base */ = {isa = PBXFileReference; lastKnownFileType = file.xib; name = Base; path = Base.lproj/LaunchScreen.xib; sourceTree = "<group>"; };
		419409B71A1488140015076E /* SwiftContainerViewExampleTests.xctest */ = {isa = PBXFileReference; explicitFileType = wrapper.cfbundle; includeInIndex = 0; path = SwiftContainerViewExampleTests.xctest; sourceTree = BUILT_PRODUCTS_DIR; };
		419409BC1A1488140015076E /* Info.plist */ = {isa = PBXFileReference; lastKnownFileType = text.plist.xml; path = Info.plist; sourceTree = "<group>"; };
		419409BD1A1488150015076E /* SwiftContainerViewExampleTests.swift */ = {isa = PBXFileReference; lastKnownFileType = sourcecode.swift; path = SwiftContainerViewExampleTests.swift; sourceTree = "<group>"; };
		419409C91A1492530015076E /* TopViewController.swift */ = {isa = PBXFileReference; fileEncoding = 4; lastKnownFileType = sourcecode.swift; path = TopViewController.swift; sourceTree = "<group>"; };
/* End PBXFileReference section */

/* Begin PBXFrameworksBuildPhase section */
		4194099F1A1488140015076E /* Frameworks */ = {
			isa = PBXFrameworksBuildPhase;
			buildActionMask = 2147483647;
			files = (
			);
			runOnlyForDeploymentPostprocessing = 0;
		};
		419409B41A1488140015076E /* Frameworks */ = {
			isa = PBXFrameworksBuildPhase;
			buildActionMask = 2147483647;
			files = (
			);
			runOnlyForDeploymentPostprocessing = 0;
		};
/* End PBXFrameworksBuildPhase section */

/* Begin PBXGroup section */
		419409991A1488140015076E = {
			isa = PBXGroup;
			children = (
				419409A41A1488140015076E /* SwiftContainerViewExample */,
				419409BA1A1488140015076E /* SwiftContainerViewExampleTests */,
				419409A31A1488140015076E /* Products */,
			);
			sourceTree = "<group>";
		};
		419409A31A1488140015076E /* Products */ = {
			isa = PBXGroup;
			children = (
				419409A21A1488140015076E /* SwiftContainerViewExample.app */,
				419409B71A1488140015076E /* SwiftContainerViewExampleTests.xctest */,
			);
			name = Products;
			sourceTree = "<group>";
		};
		419409A41A1488140015076E /* SwiftContainerViewExample */ = {
			isa = PBXGroup;
			children = (
				419409A71A1488140015076E /* AppDelegate.swift */,
				419409A91A1488140015076E /* ViewController.swift */,
				419409AB1A1488140015076E /* Main.storyboard */,
				419409AE1A1488140015076E /* Images.xcassets */,
				419409B01A1488140015076E /* LaunchScreen.xib */,
				419409A51A1488140015076E /* Supporting Files */,
				419409C91A1492530015076E /* TopViewController.swift */,
			);
			path = SwiftContainerViewExample;
			sourceTree = "<group>";
		};
		419409A51A1488140015076E /* Supporting Files */ = {
			isa = PBXGroup;
			children = (
				419409A61A1488140015076E /* Info.plist */,
			);
			name = "Supporting Files";
			sourceTree = "<group>";
		};
		419409BA1A1488140015076E /* SwiftContainerViewExampleTests */ = {
			isa = PBXGroup;
			children = (
				419409BD1A1488150015076E /* SwiftContainerViewExampleTests.swift */,
				419409BB1A1488140015076E /* Supporting Files */,
			);
			path = SwiftContainerViewExampleTests;
			sourceTree = "<group>";
		};
		419409BB1A1488140015076E /* Supporting Files */ = {
			isa = PBXGroup;
			children = (
				419409BC1A1488140015076E /* Info.plist */,
			);
			name = "Supporting Files";
			sourceTree = "<group>";
		};
/* End PBXGroup section */

/* Begin PBXNativeTarget section */
		419409A11A1488140015076E /* SwiftContainerViewExample */ = {
			isa = PBXNativeTarget;
			buildConfigurationList = 419409C11A1488150015076E /* Build configuration list for PBXNativeTarget "SwiftContainerViewExample" */;
			buildPhases = (
				4194099E1A1488140015076E /* Sources */,
				4194099F1A1488140015076E /* Frameworks */,
				419409A01A1488140015076E /* Resources */,
			);
			buildRules = (
			);
			dependencies = (
			);
			name = SwiftContainerViewExample;
			productName = SwiftContainerViewExample;
			productReference = 419409A21A1488140015076E /* SwiftContainerViewExample.app */;
			productType = "com.apple.product-type.application";
		};
		419409B61A1488140015076E /* SwiftContainerViewExampleTests */ = {
			isa = PBXNativeTarget;
			buildConfigurationList = 419409C41A1488150015076E /* Build configuration list for PBXNativeTarget "SwiftContainerViewExampleTests" */;
			buildPhases = (
				419409B31A1488140015076E /* Sources */,
				419409B41A1488140015076E /* Frameworks */,
				419409B51A1488140015076E /* Resources */,
			);
			buildRules = (
			);
			dependencies = (
				419409B91A1488140015076E /* PBXTargetDependency */,
			);
			name = SwiftContainerViewExampleTests;
			productName = SwiftContainerViewExampleTests;
			productReference = 419409B71A1488140015076E /* SwiftContainerViewExampleTests.xctest */;
			productType = "com.apple.product-type.bundle.unit-test";
		};
/* End PBXNativeTarget section */

/* Begin PBXProject section */
		4194099A1A1488140015076E /* Project object */ = {
			isa = PBXProject;
			attributes = {
				LastUpgradeCheck = 0610;
				ORGANIZATIONNAME = "Aaron Koop";
				TargetAttributes = {
					419409A11A1488140015076E = {
						CreatedOnToolsVersion = 6.1;
					};
					419409B61A1488140015076E = {
						CreatedOnToolsVersion = 6.1;
						TestTargetID = 419409A11A1488140015076E;
					};
				};
			};
			buildConfigurationList = 4194099D1A1488140015076E /* Build configuration list for PBXProject "SwiftContainerViewExample" */;
			compatibilityVersion = "Xcode 3.2";
			developmentRegion = English;
			hasScannedForEncodings = 0;
			knownRegions = (
				en,
				Base,
			);
			mainGroup = 419409991A1488140015076E;
			productRefGroup = 419409A31A1488140015076E /* Products */;
			projectDirPath = "";
			projectRoot = "";
			targets = (
				419409A11A1488140015076E /* SwiftContainerViewExample */,
				419409B61A1488140015076E /* SwiftContainerViewExampleTests */,
			);
		};
/* End PBXProject section */

/* Begin PBXResourcesBuildPhase section */
		419409A01A1488140015076E /* Resources */ = {
			isa = PBXResourcesBuildPhase;
			buildActionMask = 2147483647;
			files = (
				419409AD1A1488140015076E /* Main.storyboard in Resources */,
				419409B21A1488140015076E /* LaunchScreen.xib in Resources */,
				419409AF1A1488140015076E /* Images.xcassets in Resources */,
			);
			runOnlyForDeploymentPostprocessing = 0;
		};
		419409B51A1488140015076E /* Resources */ = {
			isa = PBXResourcesBuildPhase;
			buildActionMask = 2147483647;
			files = (
			);
			runOnlyForDeploymentPostprocessing = 0;
		};
/* End PBXResourcesBuildPhase section */

/* Begin PBXSourcesBuildPhase section */
		4194099E1A1488140015076E /* Sources */ = {
			isa = PBXSourcesBuildPhase;
			buildActionMask = 2147483647;
			files = (
				419409CA1A1492530015076E /* TopViewController.swift in Sources */,
				419409AA1A1488140015076E /* ViewController.swift in Sources */,
				419409A81A1488140015076E /* AppDelegate.swift in Sources */,
			);
			runOnlyForDeploymentPostprocessing = 0;
		};
		419409B31A1488140015076E /* Sources */ = {
			isa = PBXSourcesBuildPhase;
			buildActionMask = 2147483647;
			files = (
				419409BE1A1488150015076E /* SwiftContainerViewExampleTests.swift in Sources */,
			);
			runOnlyForDeploymentPostprocessing = 0;
		};
/* End PBXSourcesBuildPhase section */

/* Begin PBXTargetDependency section */
		419409B91A1488140015076E /* PBXTargetDependency */ = {
			isa = PBXTargetDependency;
			target = 419409A11A1488140015076E /* SwiftContainerViewExample */;
			targetProxy = 419409B81A1488140015076E /* PBXContainerItemProxy */;
		};
/* End PBXTargetDependency section */

/* Begin PBXVariantGroup section */
		419409AB1A1488140015076E /* Main.storyboard */ = {
			isa = PBXVariantGroup;
			children = (
				419409AC1A1488140015076E /* Base */,
			);
			name = Main.storyboard;
			sourceTree = "<group>";
		};
		419409B01A1488140015076E /* LaunchScreen.xib */ = {
			isa = PBXVariantGroup;
			children = (
				419409B11A1488140015076E /* Base */,
			);
			name = LaunchScreen.xib;
			sourceTree = "<group>";
		};
/* End PBXVariantGroup section */

/* Begin XCBuildConfiguration section */
		419409BF1A1488150015076E /* Debug */ = {
			isa = XCBuildConfiguration;
			buildSettings = {
				ALWAYS_SEARCH_USER_PATHS = NO;
				CLANG_CXX_LANGUAGE_STANDARD = "gnu++0x";
				CLANG_CXX_LIBRARY = "libc++";
				CLANG_ENABLE_MODULES = YES;
				CLANG_ENABLE_OBJC_ARC = YES;
				CLANG_WARN_BOOL_CONVERSION = YES;
				CLANG_WARN_CONSTANT_CONVERSION = YES;
				CLANG_WARN_DIRECT_OBJC_ISA_USAGE = YES_ERROR;
				CLANG_WARN_EMPTY_BODY = YES;
				CLANG_WARN_ENUM_CONVERSION = YES;
				CLANG_WARN_INT_CONVERSION = YES;
				CLANG_WARN_OBJC_ROOT_CLASS = YES_ERROR;
				CLANG_WARN_UNREACHABLE_CODE = YES;
				CLANG_WARN__DUPLICATE_METHOD_MATCH = YES;
				"CODE_SIGN_IDENTITY[sdk=iphoneos*]" = "iPhone Developer";
				COPY_PHASE_STRIP = NO;
				ENABLE_STRICT_OBJC_MSGSEND = YES;
				GCC_C_LANGUAGE_STANDARD = gnu99;
				GCC_DYNAMIC_NO_PIC = NO;
				GCC_OPTIMIZATION_LEVEL = 0;
				GCC_PREPROCESSOR_DEFINITIONS = (
					"DEBUG=1",
					"$(inherited)",
				);
				GCC_SYMBOLS_PRIVATE_EXTERN = NO;
				GCC_WARN_64_TO_32_BIT_CONVERSION = YES;
				GCC_WARN_ABOUT_RETURN_TYPE = YES_ERROR;
				GCC_WARN_UNDECLARED_SELECTOR = YES;
				GCC_WARN_UNINITIALIZED_AUTOS = YES_AGGRESSIVE;
				GCC_WARN_UNUSED_FUNCTION = YES;
				GCC_WARN_UNUSED_VARIABLE = YES;
				IPHONEOS_DEPLOYMENT_TARGET = 8.1;
				MTL_ENABLE_DEBUG_INFO = YES;
				ONLY_ACTIVE_ARCH = YES;
				SDKROOT = iphoneos;
				SWIFT_OPTIMIZATION_LEVEL = "-Onone";
				TARGETED_DEVICE_FAMILY = "1,2";
			};
			name = Debug;
		};
		419409C01A1488150015076E /* Release */ = {
			isa = XCBuildConfiguration;
			buildSettings = {
				ALWAYS_SEARCH_USER_PATHS = NO;
				CLANG_CXX_LANGUAGE_STANDARD = "gnu++0x";
				CLANG_CXX_LIBRARY = "libc++";
				CLANG_ENABLE_MODULES = YES;
				CLANG_ENABLE_OBJC_ARC = YES;
				CLANG_WARN_BOOL_CONVERSION = YES;
				CLANG_WARN_CONSTANT_CONVERSION = YES;
				CLANG_WARN_DIRECT_OBJC_ISA_USAGE = YES_ERROR;
				CLANG_WARN_EMPTY_BODY = YES;
				CLANG_WARN_ENUM_CONVERSION = YES;
				CLANG_WARN_INT_CONVERSION = YES;
				CLANG_WARN_OBJC_ROOT_CLASS = YES_ERROR;
				CLANG_WARN_UNREACHABLE_CODE = YES;
				CLANG_WARN__DUPLICATE_METHOD_MATCH = YES;
				"CODE_SIGN_IDENTITY[sdk=iphoneos*]" = "iPhone Developer";
				COPY_PHASE_STRIP = YES;
				ENABLE_NS_ASSERTIONS = NO;
				ENABLE_STRICT_OBJC_MSGSEND = YES;
				GCC_C_LANGUAGE_STANDARD = gnu99;
				GCC_WARN_64_TO_32_BIT_CONVERSION = YES;
				GCC_WARN_ABOUT_RETURN_TYPE = YES_ERROR;
				GCC_WARN_UNDECLARED_SELECTOR = YES;
				GCC_WARN_UNINITIALIZED_AUTOS = YES_AGGRESSIVE;
				GCC_WARN_UNUSED_FUNCTION = YES;
				GCC_WARN_UNUSED_VARIABLE = YES;
				IPHONEOS_DEPLOYMENT_TARGET = 8.1;
				MTL_ENABLE_DEBUG_INFO = NO;
				SDKROOT = iphoneos;
				TARGETED_DEVICE_FAMILY = "1,2";
				VALIDATE_PRODUCT = YES;
			};
			name = Release;
		};
		419409C21A1488150015076E /* Debug */ = {
			isa = XCBuildConfiguration;
			buildSettings = {
				ASSETCATALOG_COMPILER_APPICON_NAME = AppIcon;
				INFOPLIST_FILE = SwiftContainerViewExample/Info.plist;
				LD_RUNPATH_SEARCH_PATHS = "$(inherited) @executable_path/Frameworks";
				PRODUCT_NAME = "$(TARGET_NAME)";
			};
			name = Debug;
		};
		419409C31A1488150015076E /* Release */ = {
			isa = XCBuildConfiguration;
			buildSettings = {
				ASSETCATALOG_COMPILER_APPICON_NAME = AppIcon;
				INFOPLIST_FILE = SwiftContainerViewExample/Info.plist;
				LD_RUNPATH_SEARCH_PATHS = "$(inherited) @executable_path/Frameworks";
				PRODUCT_NAME = "$(TARGET_NAME)";
			};
			name = Release;
		};
		419409C51A1488150015076E /* Debug */ = {
			isa = XCBuildConfiguration;
			buildSettings = {
				BUNDLE_LOADER = "$(TEST_HOST)";
				FRAMEWORK_SEARCH_PATHS = (
					"$(SDKROOT)/Developer/Library/Frameworks",
					"$(inherited)",
				);
				GCC_PREPROCESSOR_DEFINITIONS = (
					"DEBUG=1",
					"$(inherited)",
				);
				INFOPLIST_FILE = SwiftContainerViewExampleTests/Info.plist;
				LD_RUNPATH_SEARCH_PATHS = "$(inherited) @executable_path/Frameworks @loader_path/Frameworks";
				PRODUCT_NAME = "$(TARGET_NAME)";
				TEST_HOST = "$(BUILT_PRODUCTS_DIR)/SwiftContainerViewExample.app/SwiftContainerViewExample";
			};
			name = Debug;
		};
		419409C61A1488150015076E /* Release */ = {
			isa = XCBuildConfiguration;
			buildSettings = {
				BUNDLE_LOADER = "$(TEST_HOST)";
				FRAMEWORK_SEARCH_PATHS = (
					"$(SDKROOT)/Developer/Library/Frameworks",
					"$(inherited)",
				);
				INFOPLIST_FILE = SwiftContainerViewExampleTests/Info.plist;
				LD_RUNPATH_SEARCH_PATHS = "$(inherited) @executable_path/Frameworks @loader_path/Frameworks";
				PRODUCT_NAME = "$(TARGET_NAME)";
				TEST_HOST = "$(BUILT_PRODUCTS_DIR)/SwiftContainerViewExample.app/SwiftContainerViewExample";
			};
			name = Release;
		};
/* End XCBuildConfiguration section */

/* Begin XCConfigurationList section */
		4194099D1A1488140015076E /* Build configuration list for PBXProject "SwiftContainerViewExample" */ = {
			isa = XCConfigurationList;
			buildConfigurations = (
				419409BF1A1488150015076E /* Debug */,
				419409C01A1488150015076E /* Release */,
			);
			defaultConfigurationIsVisible = 0;
			defaultConfigurationName = Release;
		};
		419409C11A1488150015076E /* Build configuration list for PBXNativeTarget "SwiftContainerViewExample" */ = {
			isa = XCConfigurationList;
			buildConfigurations = (
				419409C21A1488150015076E /* Debug */,
				419409C31A1488150015076E /* Release */,
			);
			defaultConfigurationIsVisible = 0;
			defaultConfigurationName = Release;
		};
		419409C41A1488150015076E /* Build configuration list for PBXNativeTarget "SwiftContainerViewExampleTests" */ = {
			isa = XCConfigurationList;
			buildConfigurations = (
				419409C51A1488150015076E /* Debug */,
				419409C61A1488150015076E /* Release */,
			);
			defaultConfigurationIsVisible = 0;
			defaultConfigurationName = Release;
		};
/* End XCConfigurationList section */
	};
	rootObject = 4194099A1A1488140015076E /* Project object */;
}
